
Microsoft Visual Studio Solution File, Format Version 12.00
# Visual Studio Version 16
VisualStudioVersion = 16.0.30907.101
MinimumVisualStudioVersion = 10.0.40219.1
Project("{F184B08F-C81C-45F6-A57F-5ABD9991F28F}") = "Homework3", "Homework3.vbproj", "{EFD21630-C2B1-42DA-8EE3-DA375C3EC815}"
EndProject
Global
	GlobalSection(SolutionConfigurationPlatforms) = preSolution
		Debug|Any CPU = Debug|Any CPU
		Release|Any CPU = Release|Any CPU
	EndGlobalSection
	GlobalSection(ProjectConfigurationPlatforms) = postSolution
		{EFD21630-C2B1-42DA-8EE3-DA375C3EC815}.Debug|Any CPU.ActiveCfg = Debug|Any CPU
		{EFD21630-C2B1-42DA-8EE3-DA375C3EC815}.Debug|Any CPU.Build.0 = Debug|Any CPU
		{EFD21630-C2B1-42DA-8EE3-DA375C3EC815}.Release|Any CPU.ActiveCfg = Release|Any CPU
		{EFD21630-C2B1-42DA-8EE3-DA375C3EC815}.Release|Any CPU.Build.0 = Release|Any CPU
	EndGlobalSection
	GlobalSection(SolutionProperties) = preSolution
		HideSolutionNode = FALSE
	EndGlobalSection
	GlobalSection(ExtensibilityGlobals) = postSolution
		SolutionGuid = {B34F5FD2-AC69-47A3-AF79-2359B429D2DD}
	EndGlobalSection
EndGlobal
